<?xml version="1.0" encoding="utf-8"?>
<Project ToolsVersion="4.0" xmlns="http://schemas.microsoft.com/developer/msbuild/2003">
  <ItemGroup>
    <Filter Include="Source Files">
      <UniqueIdentifier>{4FC737F1-C7A5-4376-A066-2A32D752A2FF}</UniqueIdentifier>
      <Extensions>cpp;c;cc;cxx;c++;cppm;ixx;def;odl;idl;hpj;bat;asm;asmx</Extensions>
    </Filter>
    <Filter Include="Header Files">
      <UniqueIdentifier>{93995380-89BD-4b04-88EB-625FBE52EBFB}</UniqueIdentifier>
      <Extensions>h;hh;hpp;hxx;h++;hm;inl;inc;ipp;xsd</Extensions>
    </Filter>
    <Filter Include="Resource Files">
      <UniqueIdentifier>{67DA6AB6-F800-4c08-8B7A-83BB121AAD01}</UniqueIdentifier>
      <Extensions>rc;ico;cur;bmp;dlg;rc2;rct;bin;rgs;gif;jpg;jpeg;jpe;resx;tiff;tif;png;wav;mfcribbon-ms</Extensions>
    </Filter>
  </ItemGroup>
  <ItemGroup>
    <ClCompile Include="TestSamples.cpp">
      <Filter>Source Files</Filter>
    </ClCompile>
    <ClCompile Include="src\math_tools\PerlinNoiseGenerator.cpp">
      <Filter>Source Files</Filter>
    </ClCompile>
    <ClCompile Include="src\color_spectrum\ColorSpectrumDB.cpp">
      <Filter>Source Files</Filter>
    </ClCompile>
    <ClCompile Include="src\math_tools\MatrixOperations.cpp">
      <Filter>Source Files</Filter>
    </ClCompile>
    <ClCompile Include="src\color_spectrum\ColorSpectrumConverter.cpp">
      <Filter>Source Files</Filter>
    </ClCompile>
    <ClCompile Include="src\math_tools\Interpolator.cpp">
      <Filter>Source Files</Filter>
    </ClCompile>
    <ClCompile Include="src\math_tools\Integrator.cpp">
      <Filter>Source Files</Filter>
    </ClCompile>
    <ClCompile Include="src\composite\RawCompositeImage.cpp">
      <Filter>Source Files</Filter>
    </ClCompile>
    <ClCompile Include="src\composite_processing\RGBACompositeImage.cpp">
      <Filter>Source Files</Filter>
    </ClCompile>
    <ClCompile Include="src\composite_processing\Raw3c1aToRGBAConverter.cpp">
      <Filter>Source Files</Filter>
    </ClCompile>
    <ClCompile Include="src\exporters\RGBAComposer.cpp">
      <Filter>Source Files</Filter>
    </ClCompile>
    <ClCompile Include="src\composite_camera\CompositeCamera.cpp">
      <Filter>Source Files</Filter>
    </ClCompile>
    <ClCompile Include="src\raw_texture_converters\Converter.cpp">
      <Filter>Source Files</Filter>
    </ClCompile>
  </ItemGroup>
  <ItemGroup>
    <ClInclude Include="src\composite\Layers.h">
      <Filter>Header Files</Filter>
    </ClInclude>
    <ClInclude Include="src\sky\Clouds.h">
      <Filter>Header Files</Filter>
    </ClInclude>
    <ClInclude Include="src\sky\Atmosphere.h">
      <Filter>Header Files</Filter>
    </ClInclude>
    <ClInclude Include="src\composite\RawImage.h">
      <Filter>Header Files</Filter>
    </ClInclude>
    <ClInclude Include="src\color_spectrum\ColorSpectrum.h">
      <Filter>Header Files</Filter>
    </ClInclude>
    <ClInclude Include="src\sky\LightSources.h">
      <Filter>Header Files</Filter>
    </ClInclude>
    <ClInclude Include="src\sky\Sky.h">
      <Filter>Header Files</Filter>
    </ClInclude>
    <ClInclude Include="src\color_spectrum\ColorSpectrumConverter.h">
      <Filter>Header Files</Filter>
    </ClInclude>
    <ClInclude Include="src\color_spectrum\ColorSpectrumDB.h">
      <Filter>Header Files</Filter>
    </ClInclude>
    <ClInclude Include="src\raw_texture_converters\HubbleToRawConverter.h">
      <Filter>Header Files</Filter>
    </ClInclude>
    <ClInclude Include="src\raw_texture_converters\RGBAToRawConverter.h">
      <Filter>Header Files</Filter>
    </ClInclude>
    <ClInclude Include="src\composite\RawCompositeImage.h">
      <Filter>Header Files</Filter>
    </ClInclude>
    <ClInclude Include="src\math_tools\PerlinNoiseGenerator.h">
      <Filter>Header Files</Filter>
    </ClInclude>
    <ClInclude Include="src\composite_camera\CompositeCamera.h">
      <Filter>Header Files</Filter>
    </ClInclude>
    <ClInclude Include="src\composite_processing\RGBACompositeImage.h">
      <Filter>Header Files</Filter>
    </ClInclude>
    <ClInclude Include="src\composite_processing\Raw3c1aToRGBAConverter.h">
      <Filter>Header Files</Filter>
    </ClInclude>
    <ClInclude Include="src\exporters\PSDExporter.h">
      <Filter>Header Files</Filter>
    </ClInclude>
    <ClInclude Include="src\exporters\RGBAComposer.h">
      <Filter>Header Files</Filter>
    </ClInclude>
    <ClInclude Include="src\math_tools\MatrixOperations.h">
      <Filter>Header Files</Filter>
    </ClInclude>
    <ClInclude Include="src\math_tools\Interpolator.h">
      <Filter>Header Files</Filter>
    </ClInclude>
    <ClInclude Include="src\color_spectrum\ColorSpectrumChannel.h">
      <Filter>Header Files</Filter>
    </ClInclude>
    <ClInclude Include="src\math_tools\Integrator.h">
      <Filter>Header Files</Filter>
    </ClInclude>
    <ClInclude Include="src\raw_texture_converters\Converter.h">
      <Filter>Header Files</Filter>
    </ClInclude>
  </ItemGroup>
</Project>