<?xml version="1.0" encoding="utf-8"?>
<Project ToolsVersion="4.0" xmlns="http://schemas.microsoft.com/developer/msbuild/2003">
  <ItemGroup>
    <Filter Include="Source Files">
      <UniqueIdentifier>{4FC737F1-C7A5-4376-A066-2A32D752A2FF}</UniqueIdentifier>
      <Extensions>cpp;c;cc;cxx;c++;cppm;ixx;def;odl;idl;hpj;bat;asm;asmx</Extensions>
    </Filter>
    <Filter Include="Header Files">
      <UniqueIdentifier>{93995380-89BD-4b04-88EB-625FBE52EBFB}</UniqueIdentifier>
      <Extensions>h;hh;hpp;hxx;h++;hm;inl;inc;ipp;xsd</Extensions>
    </Filter>
    <Filter Include="Resource Files">
      <UniqueIdentifier>{67DA6AB6-F800-4c08-8B7A-83BB121AAD01}</UniqueIdentifier>
      <Extensions>rc;ico;cur;bmp;dlg;rc2;rct;bin;rgs;gif;jpg;jpeg;jpe;resx;tiff;tif;png;wav;mfcribbon-ms</Extensions>
    </Filter>
  </ItemGroup>
  <ItemGroup>
    <ClCompile Include="TestSamples.cpp">
      <Filter>Source Files</Filter>
    </ClCompile>
    <ClCompile Include="src\math_tools\PerlinNoiseGenerator.cpp">
      <Filter>Source Files</Filter>
    </ClCompile>
    <ClCompile Include="src\color_spectrum\ColorSpectrumDB.cpp">
      <Filter>Source Files</Filter>
    </ClCompile>
    <ClCompile Include="src\math_tools\MatrixOperations.cpp">
      <Filter>Source Files</Filter>
    </ClCompile>
    <ClCompile Include="src\color_spectrum\ColorSpectrumConverter.cpp">
      <Filter>Source Files</Filter>
    </ClCompile>
    <ClCompile Include="src\math_tools\Interpolator.cpp">
      <Filter>Source Files</Filter>
    </ClCompile>
    <ClCompile Include="src\math_tools\Integrator.cpp">
      <Filter>Source Files</Filter>
    </ClCompile>
    <ClCompile Include="src\composite\RawCompositeImage.cpp">
      <Filter>Source Files</Filter>
    </ClCompile>
    <ClCompile Include="src\composite_processing\RGBACompositeImage.cpp">
      <Filter>Source Files</Filter>
    </ClCompile>
    <ClCompile Include="src\composite_processing\Raw3c1aToRGBAConverter.cpp">
      <Filter>Source Files</Filter>
    </ClCompile>
    <ClCompile Include="src\exporters\RGBAComposer.cpp">
      <Filter>Source Files</Filter>
    </ClCompile>
    <ClCompile Include="src\composite_camera\CompositeCamera.cpp">
      <Filter>Source Files</Filter>
    </ClCompile>
    <ClCompile Include="src\raw_texture_converters\Converter.cpp">
      <Filter>Source Files</Filter>
    </ClCompile>
    <ClCompile Include="src\exporters\PSDExporter.cpp">
      <Filter>Source Files</Filter>
    </ClCompile>
    <ClCompile Include="src\vendor\psd_sdk-master\PsdAllocator.cpp">
      <Filter>Source Files</Filter>
    </ClCompile>
    <ClCompile Include="src\vendor\psd_sdk-master\PsdBlendMode.cpp">
      <Filter>Source Files</Filter>
    </ClCompile>
    <ClCompile Include="src\vendor\psd_sdk-master\PsdColorMode.cpp">
      <Filter>Source Files</Filter>
    </ClCompile>
    <ClCompile Include="src\vendor\psd_sdk-master\PsdDecompressRle.cpp">
      <Filter>Source Files</Filter>
    </ClCompile>
    <ClCompile Include="src\vendor\psd_sdk-master\PsdExport.cpp">
      <Filter>Source Files</Filter>
    </ClCompile>
    <ClCompile Include="src\vendor\psd_sdk-master\PsdFile.cpp">
      <Filter>Source Files</Filter>
    </ClCompile>
    <ClCompile Include="src\vendor\psd_sdk-master\PsdFixedSizeString.cpp">
      <Filter>Source Files</Filter>
    </ClCompile>
    <ClCompile Include="src\vendor\psd_sdk-master\PsdInterleave.cpp">
      <Filter>Source Files</Filter>
    </ClCompile>
    <ClCompile Include="src\vendor\psd_sdk-master\PsdLayerCanvasCopy.cpp">
      <Filter>Source Files</Filter>
    </ClCompile>
    <ClCompile Include="src\vendor\psd_sdk-master\PsdMallocAllocator.cpp">
      <Filter>Source Files</Filter>
    </ClCompile>
    <ClCompile Include="src\vendor\psd_sdk-master\Psdminiz.c">
      <Filter>Source Files</Filter>
    </ClCompile>
    <ClCompile Include="src\vendor\psd_sdk-master\PsdNativeFile.cpp">
      <Filter>Source Files</Filter>
    </ClCompile>
    <ClCompile Include="src\vendor\psd_sdk-master\PsdParseColorModeDataSection.cpp">
      <Filter>Source Files</Filter>
    </ClCompile>
    <ClCompile Include="src\vendor\psd_sdk-master\PsdParseDocument.cpp">
      <Filter>Source Files</Filter>
    </ClCompile>
    <ClCompile Include="src\vendor\psd_sdk-master\PsdParseImageDataSection.cpp">
      <Filter>Source Files</Filter>
    </ClCompile>
    <ClCompile Include="src\vendor\psd_sdk-master\PsdParseImageResourcesSection.cpp">
      <Filter>Source Files</Filter>
    </ClCompile>
    <ClCompile Include="src\vendor\psd_sdk-master\PsdParseLayerMaskSection.cpp">
      <Filter>Source Files</Filter>
    </ClCompile>
    <ClCompile Include="src\vendor\psd_sdk-master\PsdPch.cpp">
      <Filter>Source Files</Filter>
    </ClCompile>
    <ClCompile Include="src\vendor\psd_sdk-master\PsdSyncFileReader.cpp">
      <Filter>Source Files</Filter>
    </ClCompile>
    <ClCompile Include="src\vendor\psd_sdk-master\PsdSyncFileWriter.cpp">
      <Filter>Source Files</Filter>
    </ClCompile>
  </ItemGroup>
  <ItemGroup>
    <ClInclude Include="src\composite\Layers.h">
      <Filter>Header Files</Filter>
    </ClInclude>
    <ClInclude Include="src\sky\Clouds.h">
      <Filter>Header Files</Filter>
    </ClInclude>
    <ClInclude Include="src\sky\Atmosphere.h">
      <Filter>Header Files</Filter>
    </ClInclude>
    <ClInclude Include="src\composite\RawImage.h">
      <Filter>Header Files</Filter>
    </ClInclude>
    <ClInclude Include="src\color_spectrum\ColorSpectrum.h">
      <Filter>Header Files</Filter>
    </ClInclude>
    <ClInclude Include="src\sky\LightSources.h">
      <Filter>Header Files</Filter>
    </ClInclude>
    <ClInclude Include="src\sky\Sky.h">
      <Filter>Header Files</Filter>
    </ClInclude>
    <ClInclude Include="src\color_spectrum\ColorSpectrumConverter.h">
      <Filter>Header Files</Filter>
    </ClInclude>
    <ClInclude Include="src\color_spectrum\ColorSpectrumDB.h">
      <Filter>Header Files</Filter>
    </ClInclude>
    <ClInclude Include="src\raw_texture_converters\HubbleToRawConverter.h">
      <Filter>Header Files</Filter>
    </ClInclude>
    <ClInclude Include="src\raw_texture_converters\RGBAToRawConverter.h">
      <Filter>Header Files</Filter>
    </ClInclude>
    <ClInclude Include="src\composite\RawCompositeImage.h">
      <Filter>Header Files</Filter>
    </ClInclude>
    <ClInclude Include="src\math_tools\PerlinNoiseGenerator.h">
      <Filter>Header Files</Filter>
    </ClInclude>
    <ClInclude Include="src\composite_camera\CompositeCamera.h">
      <Filter>Header Files</Filter>
    </ClInclude>
    <ClInclude Include="src\composite_processing\RGBACompositeImage.h">
      <Filter>Header Files</Filter>
    </ClInclude>
    <ClInclude Include="src\composite_processing\Raw3c1aToRGBAConverter.h">
      <Filter>Header Files</Filter>
    </ClInclude>
    <ClInclude Include="src\exporters\RGBAComposer.h">
      <Filter>Header Files</Filter>
    </ClInclude>
    <ClInclude Include="src\math_tools\MatrixOperations.h">
      <Filter>Header Files</Filter>
    </ClInclude>
    <ClInclude Include="src\math_tools\Interpolator.h">
      <Filter>Header Files</Filter>
    </ClInclude>
    <ClInclude Include="src\color_spectrum\ColorSpectrumChannel.h">
      <Filter>Header Files</Filter>
    </ClInclude>
    <ClInclude Include="src\math_tools\Integrator.h">
      <Filter>Header Files</Filter>
    </ClInclude>
    <ClInclude Include="src\raw_texture_converters\Converter.h">
      <Filter>Header Files</Filter>
    </ClInclude>
    <ClInclude Include="TestSamples.h">
      <Filter>Header Files</Filter>
    </ClInclude>
    <ClInclude Include="src\exporters\PSDExporter.h">
      <Filter>Header Files</Filter>
    </ClInclude>
    <ClInclude Include="src\vendor\psd_sdk-master\Psd.h">
      <Filter>Header Files</Filter>
    </ClInclude>
    <ClInclude Include="src\vendor\psd_sdk-master\PsdAllocator.h">
      <Filter>Header Files</Filter>
    </ClInclude>
    <ClInclude Include="src\vendor\psd_sdk-master\PsdAlphaChannel.h">
      <Filter>Header Files</Filter>
    </ClInclude>
    <ClInclude Include="src\vendor\psd_sdk-master\PsdAssert.h">
      <Filter>Header Files</Filter>
    </ClInclude>
    <ClInclude Include="src\vendor\psd_sdk-master\PsdBitUtil.h">
      <Filter>Header Files</Filter>
    </ClInclude>
    <ClInclude Include="src\vendor\psd_sdk-master\PsdBlendMode.h">
      <Filter>Header Files</Filter>
    </ClInclude>
    <ClInclude Include="src\vendor\psd_sdk-master\PsdChannel.h">
      <Filter>Header Files</Filter>
    </ClInclude>
    <ClInclude Include="src\vendor\psd_sdk-master\PsdChannelType.h">
      <Filter>Header Files</Filter>
    </ClInclude>
    <ClInclude Include="src\vendor\psd_sdk-master\PsdColorMode.h">
      <Filter>Header Files</Filter>
    </ClInclude>
    <ClInclude Include="src\vendor\psd_sdk-master\PsdColorModeDataSection.h">
      <Filter>Header Files</Filter>
    </ClInclude>
    <ClInclude Include="src\vendor\psd_sdk-master\PsdCompilerMacros.h">
      <Filter>Header Files</Filter>
    </ClInclude>
    <ClInclude Include="src\vendor\psd_sdk-master\PsdCompressionType.h">
      <Filter>Header Files</Filter>
    </ClInclude>
    <ClInclude Include="src\vendor\psd_sdk-master\PsdDecompressRle.h">
      <Filter>Header Files</Filter>
    </ClInclude>
    <ClInclude Include="src\vendor\psd_sdk-master\PsdDocument.h">
      <Filter>Header Files</Filter>
    </ClInclude>
    <ClInclude Include="src\vendor\psd_sdk-master\PsdDocumentation.h">
      <Filter>Header Files</Filter>
    </ClInclude>
    <ClInclude Include="src\vendor\psd_sdk-master\PsdEndianConversion.h">
      <Filter>Header Files</Filter>
    </ClInclude>
    <ClInclude Include="src\vendor\psd_sdk-master\PsdExport.h">
      <Filter>Header Files</Filter>
    </ClInclude>
    <ClInclude Include="src\vendor\psd_sdk-master\PsdExportChannel.h">
      <Filter>Header Files</Filter>
    </ClInclude>
    <ClInclude Include="src\vendor\psd_sdk-master\PsdExportColorMode.h">
      <Filter>Header Files</Filter>
    </ClInclude>
    <ClInclude Include="src\vendor\psd_sdk-master\PsdExportDocument.h">
      <Filter>Header Files</Filter>
    </ClInclude>
    <ClInclude Include="src\vendor\psd_sdk-master\PsdExportLayer.h">
      <Filter>Header Files</Filter>
    </ClInclude>
    <ClInclude Include="src\vendor\psd_sdk-master\PsdExportMetaDataAttribute.h">
      <Filter>Header Files</Filter>
    </ClInclude>
    <ClInclude Include="src\vendor\psd_sdk-master\PsdFile.h">
      <Filter>Header Files</Filter>
    </ClInclude>
    <ClInclude Include="src\vendor\psd_sdk-master\PsdFixedSizeString.h">
      <Filter>Header Files</Filter>
    </ClInclude>
    <ClInclude Include="src\vendor\psd_sdk-master\PsdImageDataSection.h">
      <Filter>Header Files</Filter>
    </ClInclude>
    <ClInclude Include="src\vendor\psd_sdk-master\PsdImageResourcesSection.h">
      <Filter>Header Files</Filter>
    </ClInclude>
    <ClInclude Include="src\vendor\psd_sdk-master\PsdImageResourceType.h">
      <Filter>Header Files</Filter>
    </ClInclude>
    <ClInclude Include="src\vendor\psd_sdk-master\PsdInterleave.h">
      <Filter>Header Files</Filter>
    </ClInclude>
    <ClInclude Include="src\vendor\psd_sdk-master\Psdinttypes.h">
      <Filter>Header Files</Filter>
    </ClInclude>
    <ClInclude Include="src\vendor\psd_sdk-master\Psdispod.h">
      <Filter>Header Files</Filter>
    </ClInclude>
    <ClInclude Include="src\vendor\psd_sdk-master\Psdisunsigned.h">
      <Filter>Header Files</Filter>
    </ClInclude>
    <ClInclude Include="src\vendor\psd_sdk-master\PsdKey.h">
      <Filter>Header Files</Filter>
    </ClInclude>
    <ClInclude Include="src\vendor\psd_sdk-master\PsdLayer.h">
      <Filter>Header Files</Filter>
    </ClInclude>
    <ClInclude Include="src\vendor\psd_sdk-master\PsdLayerCanvasCopy.h">
      <Filter>Header Files</Filter>
    </ClInclude>
    <ClInclude Include="src\vendor\psd_sdk-master\PsdLayerMask.h">
      <Filter>Header Files</Filter>
    </ClInclude>
    <ClInclude Include="src\vendor\psd_sdk-master\PsdLayerMaskSection.h">
      <Filter>Header Files</Filter>
    </ClInclude>
    <ClInclude Include="src\vendor\psd_sdk-master\PsdLayerType.h">
      <Filter>Header Files</Filter>
    </ClInclude>
    <ClInclude Include="src\vendor\psd_sdk-master\PsdLog.h">
      <Filter>Header Files</Filter>
    </ClInclude>
    <ClInclude Include="src\vendor\psd_sdk-master\PsdMallocAllocator.h">
      <Filter>Header Files</Filter>
    </ClInclude>
    <ClInclude Include="src\vendor\psd_sdk-master\PsdMemoryUtil.h">
      <Filter>Header Files</Filter>
    </ClInclude>
    <ClInclude Include="src\vendor\psd_sdk-master\Psdminiz.h">
      <Filter>Header Files</Filter>
    </ClInclude>
    <ClInclude Include="src\vendor\psd_sdk-master\PsdNamespace.h">
      <Filter>Header Files</Filter>
    </ClInclude>
    <ClInclude Include="src\vendor\psd_sdk-master\PsdNativeFile.h">
      <Filter>Header Files</Filter>
    </ClInclude>
    <ClInclude Include="src\vendor\psd_sdk-master\PsdParseColorModeDataSection.h">
      <Filter>Header Files</Filter>
    </ClInclude>
    <ClInclude Include="src\vendor\psd_sdk-master\PsdParseDocument.h">
      <Filter>Header Files</Filter>
    </ClInclude>
    <ClInclude Include="src\vendor\psd_sdk-master\PsdParseImageDataSection.h">
      <Filter>Header Files</Filter>
    </ClInclude>
    <ClInclude Include="src\vendor\psd_sdk-master\PsdParseImageResourcesSection.h">
      <Filter>Header Files</Filter>
    </ClInclude>
    <ClInclude Include="src\vendor\psd_sdk-master\PsdParseLayerMaskSection.h">
      <Filter>Header Files</Filter>
    </ClInclude>
    <ClInclude Include="src\vendor\psd_sdk-master\PsdPch.h">
      <Filter>Header Files</Filter>
    </ClInclude>
    <ClInclude Include="src\vendor\psd_sdk-master\PsdPlanarImage.h">
      <Filter>Header Files</Filter>
    </ClInclude>
    <ClInclude Include="src\vendor\psd_sdk-master\PsdPlatform.h">
      <Filter>Header Files</Filter>
    </ClInclude>
    <ClInclude Include="src\vendor\psd_sdk-master\PsdSection.h">
      <Filter>Header Files</Filter>
    </ClInclude>
    <ClInclude Include="src\vendor\psd_sdk-master\Psdstdint.h">
      <Filter>Header Files</Filter>
    </ClInclude>
    <ClInclude Include="src\vendor\psd_sdk-master\PsdSyncFileReader.h">
      <Filter>Header Files</Filter>
    </ClInclude>
    <ClInclude Include="src\vendor\psd_sdk-master\PsdSyncFileUtil.h">
      <Filter>Header Files</Filter>
    </ClInclude>
    <ClInclude Include="src\vendor\psd_sdk-master\PsdSyncFileWriter.h">
      <Filter>Header Files</Filter>
    </ClInclude>
    <ClInclude Include="src\vendor\psd_sdk-master\PsdThumbnail.h">
      <Filter>Header Files</Filter>
    </ClInclude>
    <ClInclude Include="src\vendor\psd_sdk-master\PsdTypes.h">
      <Filter>Header Files</Filter>
    </ClInclude>
    <ClInclude Include="src\vendor\psd_sdk-master\PsdUnionCast.h">
      <Filter>Header Files</Filter>
    </ClInclude>
    <ClInclude Include="src\vendor\psd_sdk-master\PsdVectorMask.h">
      <Filter>Header Files</Filter>
    </ClInclude>
  </ItemGroup>
  <ItemGroup>
    <None Include="src\vendor\psd_sdk-master\PsdBitUtil.inl">
      <Filter>Header Files</Filter>
    </None>
    <None Include="src\vendor\psd_sdk-master\PsdEndianConversion.inl">
      <Filter>Header Files</Filter>
    </None>
    <None Include="src\vendor\psd_sdk-master\PsdMemoryUtil.inl">
      <Filter>Header Files</Filter>
    </None>
    <None Include="src\vendor\psd_sdk-master\PsdSyncFileUtil.inl">
      <Filter>Header Files</Filter>
    </None>
    <None Include="src\vendor\psd_sdk-master\PsdUnionCast.inl">
      <Filter>Header Files</Filter>
    </None>
  </ItemGroup>
</Project>